
Microsoft Visual Studio Solution File, Format Version 12.00
# Visual Studio Version 17
VisualStudioVersion = 17.9.34714.143
MinimumVisualStudioVersion = 10.0.40219.1
Project("{FAE04EC0-301F-11D3-BF4B-00C04F79EFBC}") = "SanitizeLogData", "SanitizeLogData\SanitizeLogData.csproj", "{EC586C7A-04BE-4555-ACFE-510DAC14B2CB}"
EndProject
Global
	GlobalSection(SolutionConfigurationPlatforms) = preSolution
		Debug|Any CPU = Debug|Any CPU
		Release|Any CPU = Release|Any CPU
	EndGlobalSection
	GlobalSection(ProjectConfigurationPlatforms) = postSolution
		{EC586C7A-04BE-4555-ACFE-510DAC14B2CB}.Debug|Any CPU.ActiveCfg = Debug|Any CPU
		{EC586C7A-04BE-4555-ACFE-510DAC14B2CB}.Debug|Any CPU.Build.0 = Debug|Any CPU
		{EC586C7A-04BE-4555-ACFE-510DAC14B2CB}.Release|Any CPU.ActiveCfg = Release|Any CPU
		{EC586C7A-04BE-4555-ACFE-510DAC14B2CB}.Release|Any CPU.Build.0 = Release|Any CPU
	EndGlobalSection
	GlobalSection(SolutionProperties) = preSolution
		HideSolutionNode = FALSE
	EndGlobalSection
	GlobalSection(ExtensibilityGlobals) = postSolution
		SolutionGuid = {C185A911-D6D8-4A04-BA01-6EEC302EC324}
	EndGlobalSection
EndGlobal
